
Microsoft Visual Studio Solution File, Format Version 12.00
# Visual Studio Version 17
VisualStudioVersion = 17.11.35327.3
MinimumVisualStudioVersion = 10.0.40219.1
Project("{FAE04EC0-301F-11D3-BF4B-00C04F79EFBC}") = "Budzet", "Budzet\Budzet.csproj", "{15752E3D-886B-4CC9-9B26-212800E54B61}"
EndProject
Global
	GlobalSection(SolutionConfigurationPlatforms) = preSolution
		Debug|Any CPU = Debug|Any CPU
		Release|Any CPU = Release|Any CPU
	EndGlobalSection
	GlobalSection(ProjectConfigurationPlatforms) = postSolution
		{15752E3D-886B-4CC9-9B26-212800E54B61}.Debug|Any CPU.ActiveCfg = Debug|Any CPU
		{15752E3D-886B-4CC9-9B26-212800E54B61}.Debug|Any CPU.Build.0 = Debug|Any CPU
		{15752E3D-886B-4CC9-9B26-212800E54B61}.Release|Any CPU.ActiveCfg = Release|Any CPU
		{15752E3D-886B-4CC9-9B26-212800E54B61}.Release|Any CPU.Build.0 = Release|Any CPU
	EndGlobalSection
	GlobalSection(SolutionProperties) = preSolution
		HideSolutionNode = FALSE
	EndGlobalSection
	GlobalSection(ExtensibilityGlobals) = postSolution
		SolutionGuid = {2F7ADDF5-FFDA-4F6E-B59C-7787789D8926}
	EndGlobalSection
EndGlobal
